
Microsoft Visual Studio Solution File, Format Version 12.00
# Visual Studio Version 17
VisualStudioVersion = 17.5.33402.96
MinimumVisualStudioVersion = 10.0.40219.1
Project("{FAE04EC0-301F-11D3-BF4B-00C04F79EFBC}") = "VirtualKeyboard.WinForms", "VirtualKeyboard.WinForms\VirtualKeyboard.WinForms.csproj", "{06FD60D0-5C02-44EA-84E0-F114FAFBC89A}"
EndProject
Global
	GlobalSection(SolutionConfigurationPlatforms) = preSolution
		Debug|Any CPU = Debug|Any CPU
		Release|Any CPU = Release|Any CPU
	EndGlobalSection
	GlobalSection(ProjectConfigurationPlatforms) = postSolution
		{06FD60D0-5C02-44EA-84E0-F114FAFBC89A}.Debug|Any CPU.ActiveCfg = Debug|Any CPU
		{06FD60D0-5C02-44EA-84E0-F114FAFBC89A}.Debug|Any CPU.Build.0 = Debug|Any CPU
		{06FD60D0-5C02-44EA-84E0-F114FAFBC89A}.Release|Any CPU.ActiveCfg = Release|Any CPU
		{06FD60D0-5C02-44EA-84E0-F114FAFBC89A}.Release|Any CPU.Build.0 = Release|Any CPU
	EndGlobalSection
	GlobalSection(SolutionProperties) = preSolution
		HideSolutionNode = FALSE
	EndGlobalSection
	GlobalSection(ExtensibilityGlobals) = postSolution
		SolutionGuid = {8E284772-8980-4AE8-ACB7-D25DD149B652}
	EndGlobalSection
EndGlobal
